
Microsoft Visual Studio Solution File, Format Version 12.00
# Visual Studio Version 17
VisualStudioVersion = 17.2.32630.192
MinimumVisualStudioVersion = 10.0.40219.1
Project("{2150E333-8FDC-42A3-9474-1A3956D46DE8}") = "Core", "Core", "{A3080142-0D94-4F63-94B2-125F44B16722}"
EndProject
Project("{2150E333-8FDC-42A3-9474-1A3956D46DE8}") = "Services", "Services", "{C42289A1-6D80-47BC-B4CC-EE8D1C7BE239}"
EndProject
Project("{FAE04EC0-301F-11D3-BF4B-00C04F79EFBC}") = "BookingApp.Bus", "src\core\BookingApp.Bus\BookingApp.Bus.csproj", "{40F84497-B868-4D5F-B8D5-7E3C478198C8}"
EndProject
Project("{FAE04EC0-301F-11D3-BF4B-00C04F79EFBC}") = "BookingApp.Core", "src\core\BookingApp.Core\BookingApp.Core.csproj", "{DF143227-7780-43CC-93B8-630DEEF3C823}"
EndProject
Project("{2150E333-8FDC-42A3-9474-1A3956D46DE8}") = "Booking", "Booking", "{30FB165D-5D05-4263-8B03-6B1C74E9D315}"
EndProject
Project("{2150E333-8FDC-42A3-9474-1A3956D46DE8}") = "Flight", "Flight", "{87C4688E-038A-492E-B258-AD81A8CB39A0}"
EndProject
Project("{2150E333-8FDC-42A3-9474-1A3956D46DE8}") = "Email", "Email", "{42EC00E4-8FA6-4BDA-85DE-0BD5E273829A}"
EndProject
Project("{2150E333-8FDC-42A3-9474-1A3956D46DE8}") = "Identity", "Identity", "{76FC5CC8-B924-4DBE-981A-B3EA14E8AAA2}"
EndProject
Project("{2150E333-8FDC-42A3-9474-1A3956D46DE8}") = "Passenger", "Passenger", "{E564D1BB-DE26-46F4-8DBB-BDC95008B209}"
EndProject
Project("{FAE04EC0-301F-11D3-BF4B-00C04F79EFBC}") = "BookingApp.Booking.API", "src\services\booking\BookingApp.Booking.API\BookingApp.Booking.API.csproj", "{EBAFA388-253C-439D-B27E-1EEA3E8BF0B1}"
EndProject
Project("{FAE04EC0-301F-11D3-BF4B-00C04F79EFBC}") = "BookingApp.Booking.Domain", "src\services\booking\BookingApp.Booking.Domain\BookingApp.Booking.Domain.csproj", "{AEB41B66-07B3-45DC-BE07-A3F3351EE7D7}"
EndProject
Project("{FAE04EC0-301F-11D3-BF4B-00C04F79EFBC}") = "BookingApp.Booking.Infra", "src\services\booking\BookingApp.Booking.Infra\BookingApp.Booking.Infra.csproj", "{F0329DA1-D46D-41FF-A3CC-EF93118EA7B2}"
EndProject
Project("{FAE04EC0-301F-11D3-BF4B-00C04F79EFBC}") = "BookingApp.Email", "src\services\email\BookingApp.Email\BookingApp.Email.csproj", "{7B786BAA-2665-48B6-9E20-F7A3593F3FA1}"
EndProject
Project("{FAE04EC0-301F-11D3-BF4B-00C04F79EFBC}") = "BookingApp.Identity", "src\services\identity\BookingApp.Identity\BookingApp.Identity.csproj", "{E55A741F-C871-43C0-88E0-15F173481EF1}"
EndProject
Project("{FAE04EC0-301F-11D3-BF4B-00C04F79EFBC}") = "BookingApp.Passenger", "src\services\passenger\BookingApp.Passenger\BookingApp.Passenger.csproj", "{C49621B9-524B-49F8-88C8-A7855DAE2F6D}"
EndProject
Project("{FAE04EC0-301F-11D3-BF4B-00C04F79EFBC}") = "BookingApp.Flight.API", "src\services\flight\BookingApp.Flight.API\BookingApp.Flight.API.csproj", "{58614E91-5E6E-4D67-BAD9-D138AD51B82D}"
EndProject
Project("{FAE04EC0-301F-11D3-BF4B-00C04F79EFBC}") = "BookingApp.Flight.Domain", "src\services\flight\BookingApp.Flight.Domain\BookingApp.Flight.Domain.csproj", "{BD764D35-E05A-4115-9385-E08EA0B02940}"
EndProject
Project("{FAE04EC0-301F-11D3-BF4B-00C04F79EFBC}") = "BookingApp.Flight.Infra", "src\services\flight\BookingApp.Flight.Infra\BookingApp.Flight.Infra.csproj", "{22B0B29C-6C8B-431D-8646-F430BD27B8DD}"
EndProject
Global
	GlobalSection(SolutionConfigurationPlatforms) = preSolution
		Debug|Any CPU = Debug|Any CPU
		Release|Any CPU = Release|Any CPU
	EndGlobalSection
	GlobalSection(ProjectConfigurationPlatforms) = postSolution
		{40F84497-B868-4D5F-B8D5-7E3C478198C8}.Debug|Any CPU.ActiveCfg = Debug|Any CPU
		{40F84497-B868-4D5F-B8D5-7E3C478198C8}.Debug|Any CPU.Build.0 = Debug|Any CPU
		{40F84497-B868-4D5F-B8D5-7E3C478198C8}.Release|Any CPU.ActiveCfg = Release|Any CPU
		{40F84497-B868-4D5F-B8D5-7E3C478198C8}.Release|Any CPU.Build.0 = Release|Any CPU
		{DF143227-7780-43CC-93B8-630DEEF3C823}.Debug|Any CPU.ActiveCfg = Debug|Any CPU
		{DF143227-7780-43CC-93B8-630DEEF3C823}.Debug|Any CPU.Build.0 = Debug|Any CPU
		{DF143227-7780-43CC-93B8-630DEEF3C823}.Release|Any CPU.ActiveCfg = Release|Any CPU
		{DF143227-7780-43CC-93B8-630DEEF3C823}.Release|Any CPU.Build.0 = Release|Any CPU
		{EBAFA388-253C-439D-B27E-1EEA3E8BF0B1}.Debug|Any CPU.ActiveCfg = Debug|Any CPU
		{EBAFA388-253C-439D-B27E-1EEA3E8BF0B1}.Debug|Any CPU.Build.0 = Debug|Any CPU
		{EBAFA388-253C-439D-B27E-1EEA3E8BF0B1}.Release|Any CPU.ActiveCfg = Release|Any CPU
		{EBAFA388-253C-439D-B27E-1EEA3E8BF0B1}.Release|Any CPU.Build.0 = Release|Any CPU
		{AEB41B66-07B3-45DC-BE07-A3F3351EE7D7}.Debug|Any CPU.ActiveCfg = Debug|Any CPU
		{AEB41B66-07B3-45DC-BE07-A3F3351EE7D7}.Debug|Any CPU.Build.0 = Debug|Any CPU
		{AEB41B66-07B3-45DC-BE07-A3F3351EE7D7}.Release|Any CPU.ActiveCfg = Release|Any CPU
		{AEB41B66-07B3-45DC-BE07-A3F3351EE7D7}.Release|Any CPU.Build.0 = Release|Any CPU
		{F0329DA1-D46D-41FF-A3CC-EF93118EA7B2}.Debug|Any CPU.ActiveCfg = Debug|Any CPU
		{F0329DA1-D46D-41FF-A3CC-EF93118EA7B2}.Debug|Any CPU.Build.0 = Debug|Any CPU
		{F0329DA1-D46D-41FF-A3CC-EF93118EA7B2}.Release|Any CPU.ActiveCfg = Release|Any CPU
		{F0329DA1-D46D-41FF-A3CC-EF93118EA7B2}.Release|Any CPU.Build.0 = Release|Any CPU
		{7B786BAA-2665-48B6-9E20-F7A3593F3FA1}.Debug|Any CPU.ActiveCfg = Debug|Any CPU
		{7B786BAA-2665-48B6-9E20-F7A3593F3FA1}.Debug|Any CPU.Build.0 = Debug|Any CPU
		{7B786BAA-2665-48B6-9E20-F7A3593F3FA1}.Release|Any CPU.ActiveCfg = Release|Any CPU
		{7B786BAA-2665-48B6-9E20-F7A3593F3FA1}.Release|Any CPU.Build.0 = Release|Any CPU
		{E55A741F-C871-43C0-88E0-15F173481EF1}.Debug|Any CPU.ActiveCfg = Debug|Any CPU
		{E55A741F-C871-43C0-88E0-15F173481EF1}.Debug|Any CPU.Build.0 = Debug|Any CPU
		{E55A741F-C871-43C0-88E0-15F173481EF1}.Release|Any CPU.ActiveCfg = Release|Any CPU
		{E55A741F-C871-43C0-88E0-15F173481EF1}.Release|Any CPU.Build.0 = Release|Any CPU
		{C49621B9-524B-49F8-88C8-A7855DAE2F6D}.Debug|Any CPU.ActiveCfg = Debug|Any CPU
		{C49621B9-524B-49F8-88C8-A7855DAE2F6D}.Debug|Any CPU.Build.0 = Debug|Any CPU
		{C49621B9-524B-49F8-88C8-A7855DAE2F6D}.Release|Any CPU.ActiveCfg = Release|Any CPU
		{C49621B9-524B-49F8-88C8-A7855DAE2F6D}.Release|Any CPU.Build.0 = Release|Any CPU
		{58614E91-5E6E-4D67-BAD9-D138AD51B82D}.Debug|Any CPU.ActiveCfg = Debug|Any CPU
		{58614E91-5E6E-4D67-BAD9-D138AD51B82D}.Debug|Any CPU.Build.0 = Debug|Any CPU
		{58614E91-5E6E-4D67-BAD9-D138AD51B82D}.Release|Any CPU.ActiveCfg = Release|Any CPU
		{58614E91-5E6E-4D67-BAD9-D138AD51B82D}.Release|Any CPU.Build.0 = Release|Any CPU
		{BD764D35-E05A-4115-9385-E08EA0B02940}.Debug|Any CPU.ActiveCfg = Debug|Any CPU
		{BD764D35-E05A-4115-9385-E08EA0B02940}.Debug|Any CPU.Build.0 = Debug|Any CPU
		{BD764D35-E05A-4115-9385-E08EA0B02940}.Release|Any CPU.ActiveCfg = Release|Any CPU
		{BD764D35-E05A-4115-9385-E08EA0B02940}.Release|Any CPU.Build.0 = Release|Any CPU
		{22B0B29C-6C8B-431D-8646-F430BD27B8DD}.Debug|Any CPU.ActiveCfg = Debug|Any CPU
		{22B0B29C-6C8B-431D-8646-F430BD27B8DD}.Debug|Any CPU.Build.0 = Debug|Any CPU
		{22B0B29C-6C8B-431D-8646-F430BD27B8DD}.Release|Any CPU.ActiveCfg = Release|Any CPU
		{22B0B29C-6C8B-431D-8646-F430BD27B8DD}.Release|Any CPU.Build.0 = Release|Any CPU
	EndGlobalSection
	GlobalSection(SolutionProperties) = preSolution
		HideSolutionNode = FALSE
	EndGlobalSection
	GlobalSection(NestedProjects) = preSolution
		{40F84497-B868-4D5F-B8D5-7E3C478198C8} = {A3080142-0D94-4F63-94B2-125F44B16722}
		{DF143227-7780-43CC-93B8-630DEEF3C823} = {A3080142-0D94-4F63-94B2-125F44B16722}
		{30FB165D-5D05-4263-8B03-6B1C74E9D315} = {C42289A1-6D80-47BC-B4CC-EE8D1C7BE239}
		{87C4688E-038A-492E-B258-AD81A8CB39A0} = {C42289A1-6D80-47BC-B4CC-EE8D1C7BE239}
		{42EC00E4-8FA6-4BDA-85DE-0BD5E273829A} = {C42289A1-6D80-47BC-B4CC-EE8D1C7BE239}
		{76FC5CC8-B924-4DBE-981A-B3EA14E8AAA2} = {C42289A1-6D80-47BC-B4CC-EE8D1C7BE239}
		{E564D1BB-DE26-46F4-8DBB-BDC95008B209} = {C42289A1-6D80-47BC-B4CC-EE8D1C7BE239}
		{EBAFA388-253C-439D-B27E-1EEA3E8BF0B1} = {30FB165D-5D05-4263-8B03-6B1C74E9D315}
		{AEB41B66-07B3-45DC-BE07-A3F3351EE7D7} = {30FB165D-5D05-4263-8B03-6B1C74E9D315}
		{F0329DA1-D46D-41FF-A3CC-EF93118EA7B2} = {30FB165D-5D05-4263-8B03-6B1C74E9D315}
		{7B786BAA-2665-48B6-9E20-F7A3593F3FA1} = {42EC00E4-8FA6-4BDA-85DE-0BD5E273829A}
		{E55A741F-C871-43C0-88E0-15F173481EF1} = {76FC5CC8-B924-4DBE-981A-B3EA14E8AAA2}
		{C49621B9-524B-49F8-88C8-A7855DAE2F6D} = {E564D1BB-DE26-46F4-8DBB-BDC95008B209}
		{58614E91-5E6E-4D67-BAD9-D138AD51B82D} = {87C4688E-038A-492E-B258-AD81A8CB39A0}
		{BD764D35-E05A-4115-9385-E08EA0B02940} = {87C4688E-038A-492E-B258-AD81A8CB39A0}
		{22B0B29C-6C8B-431D-8646-F430BD27B8DD} = {87C4688E-038A-492E-B258-AD81A8CB39A0}
	EndGlobalSection
	GlobalSection(ExtensibilityGlobals) = postSolution
		SolutionGuid = {C2C66373-968C-4CF2-BE44-623C871BA0A3}
	EndGlobalSection
EndGlobal
